
Microsoft Visual Studio Solution File, Format Version 12.00
# Visual Studio Version 16
VisualStudioVersion = 16.0.31112.23
MinimumVisualStudioVersion = 10.0.40219.1
Project("{9A19103F-16F7-4668-BE54-9A1E7A4F7556}") = "GoodBuyAPI", "GoodBuyAPI.csproj", "{BF06880E-F7AC-4BCB-A15E-FA2673F3F980}"
EndProject
Project("{FAE04EC0-301F-11D3-BF4B-00C04F79EFBC}") = "ExcelParser", "..\ExcelParser\ExcelParser.csproj", "{2DB5DB55-AC68-4885-B3FB-4A19AA89EEA9}"
EndProject
Global
	GlobalSection(SolutionConfigurationPlatforms) = preSolution
		Debug|Any CPU = Debug|Any CPU
		Release|Any CPU = Release|Any CPU
	EndGlobalSection
	GlobalSection(ProjectConfigurationPlatforms) = postSolution
		{BF06880E-F7AC-4BCB-A15E-FA2673F3F980}.Debug|Any CPU.ActiveCfg = Debug|Any CPU
		{BF06880E-F7AC-4BCB-A15E-FA2673F3F980}.Debug|Any CPU.Build.0 = Debug|Any CPU
		{BF06880E-F7AC-4BCB-A15E-FA2673F3F980}.Release|Any CPU.ActiveCfg = Release|Any CPU
		{BF06880E-F7AC-4BCB-A15E-FA2673F3F980}.Release|Any CPU.Build.0 = Release|Any CPU
		{2DB5DB55-AC68-4885-B3FB-4A19AA89EEA9}.Debug|Any CPU.ActiveCfg = Debug|Any CPU
		{2DB5DB55-AC68-4885-B3FB-4A19AA89EEA9}.Debug|Any CPU.Build.0 = Debug|Any CPU
		{2DB5DB55-AC68-4885-B3FB-4A19AA89EEA9}.Release|Any CPU.ActiveCfg = Release|Any CPU
		{2DB5DB55-AC68-4885-B3FB-4A19AA89EEA9}.Release|Any CPU.Build.0 = Release|Any CPU
	EndGlobalSection
	GlobalSection(SolutionProperties) = preSolution
		HideSolutionNode = FALSE
	EndGlobalSection
	GlobalSection(ExtensibilityGlobals) = postSolution
		SolutionGuid = {ED9E37F0-AE46-4CF8-9278-2EC88E1249D6}
	EndGlobalSection
EndGlobal
